<?xml version="1.0" encoding="utf-8"?>
<Project ToolsVersion="4.0" xmlns="http://schemas.microsoft.com/developer/msbuild/2003">
  <ItemGroup>
    <Filter Include="Source Files">
      <UniqueIdentifier>{4FC737F1-C7A5-4376-A066-2A32D752A2FF}</UniqueIdentifier>
      <Extensions>cpp;c;cc;cxx;c++;cppm;ixx;def;odl;idl;hpj;bat;asm;asmx</Extensions>
    </Filter>
    <Filter Include="Header Files">
      <UniqueIdentifier>{93995380-89BD-4b04-88EB-625FBE52EBFB}</UniqueIdentifier>
      <Extensions>h;hh;hpp;hxx;h++;hm;inl;inc;ipp;xsd</Extensions>
    </Filter>
    <Filter Include="Resource Files">
      <UniqueIdentifier>{67DA6AB6-F800-4c08-8B7A-83BB121AAD01}</UniqueIdentifier>
      <Extensions>rc;ico;cur;bmp;dlg;rc2;rct;bin;rgs;gif;jpg;jpeg;jpe;resx;tiff;tif;png;wav;mfcribbon-ms</Extensions>
    </Filter>
    <Filter Include="resources">
      <UniqueIdentifier>{0e3c9f5f-0154-431d-b0ec-1fb26868c5d0}</UniqueIdentifier>
    </Filter>
    <Filter Include="resources\shaders">
      <UniqueIdentifier>{d8337452-8dd1-49d0-b65d-6f89b52f256b}</UniqueIdentifier>
    </Filter>
    <Filter Include="resources\images">
      <UniqueIdentifier>{5e5a1cc5-27a3-4e09-9ea1-b8822ae5a27a}</UniqueIdentifier>
    </Filter>
    <Filter Include="resources\models">
      <UniqueIdentifier>{7689d166-ca41-4def-850a-2f51a58b0a64}</UniqueIdentifier>
    </Filter>
    <Filter Include="resources\models\survival_guitar_backpack">
      <UniqueIdentifier>{251e4ae9-79a9-4e8c-99f0-24f72edbb179}</UniqueIdentifier>
    </Filter>
  </ItemGroup>
  <ItemGroup>
    <ClCompile Include="main.cpp">
      <Filter>Source Files</Filter>
    </ClCompile>
    <ClCompile Include="..\..\..\..\..\Users\Jake\Downloads\glad\src\glad.c">
      <Filter>Source Files</Filter>
    </ClCompile>
    <ClCompile Include="shader.cpp">
      <Filter>Source Files</Filter>
    </ClCompile>
    <ClCompile Include="stb_image.cpp">
      <Filter>Source Files</Filter>
    </ClCompile>
    <ClCompile Include="camera.cpp">
      <Filter>Source Files</Filter>
    </ClCompile>
    <ClCompile Include="mesh.cpp">
      <Filter>Source Files</Filter>
    </ClCompile>
    <ClCompile Include="model.cpp">
      <Filter>Source Files</Filter>
    </ClCompile>
    <ClCompile Include="object.cpp">
      <Filter>Source Files</Filter>
    </ClCompile>
    <ClCompile Include="point_light.cpp">
      <Filter>Source Files</Filter>
    </ClCompile>
    <ClCompile Include="directional_light.cpp">
      <Filter>Source Files</Filter>
    </ClCompile>
    <ClCompile Include="scene.cpp">
      <Filter>Source Files</Filter>
    </ClCompile>
  </ItemGroup>
  <ItemGroup>
    <ClInclude Include="shader.h">
      <Filter>Header Files</Filter>
    </ClInclude>
    <ClInclude Include="stb_image.h">
      <Filter>Header Files</Filter>
    </ClInclude>
    <ClInclude Include="camera.h">
      <Filter>Header Files</Filter>
    </ClInclude>
    <ClInclude Include="mesh.h">
      <Filter>Header Files</Filter>
    </ClInclude>
    <ClInclude Include="model.h">
      <Filter>Header Files</Filter>
    </ClInclude>
    <ClInclude Include="object.h">
      <Filter>Header Files</Filter>
    </ClInclude>
    <ClInclude Include="point_light.h">
      <Filter>Header Files</Filter>
    </ClInclude>
    <ClInclude Include="directional_light.h">
      <Filter>Header Files</Filter>
    </ClInclude>
    <ClInclude Include="scene.h">
      <Filter>Header Files</Filter>
    </ClInclude>
  </ItemGroup>
  <ItemGroup>
    <None Include="shader.frag">
      <Filter>resources\shaders</Filter>
    </None>
    <None Include="shader.vert">
      <Filter>resources\shaders</Filter>
    </None>
    <None Include="backpack.mtl">
      <Filter>resources\models\survival_guitar_backpack</Filter>
    </None>
    <None Include="constant-color.frag">
      <Filter>resources\shaders</Filter>
    </None>
  </ItemGroup>
  <ItemGroup>
    <Image Include="container.png">
      <Filter>resources\images</Filter>
    </Image>
    <Image Include="container_specular.png">
      <Filter>resources\images</Filter>
    </Image>
    <Image Include="awesomeface.png">
      <Filter>resources\images</Filter>
    </Image>
    <Image Include="wall.jpg">
      <Filter>resources\images</Filter>
    </Image>
    <Image Include="ao.jpg">
      <Filter>resources\models\survival_guitar_backpack</Filter>
    </Image>
    <Image Include="diffuse.jpg">
      <Filter>resources\models\survival_guitar_backpack</Filter>
    </Image>
    <Image Include="normal.png">
      <Filter>resources\models\survival_guitar_backpack</Filter>
    </Image>
    <Image Include="roughness.jpg">
      <Filter>resources\models\survival_guitar_backpack</Filter>
    </Image>
    <Image Include="specular.jpg">
      <Filter>resources\models\survival_guitar_backpack</Filter>
    </Image>
    <Image Include="grass.png">
      <Filter>resources\images</Filter>
    </Image>
    <Image Include="blending_transparent_window.png">
      <Filter>resources\images</Filter>
    </Image>
  </ItemGroup>
  <ItemGroup>
    <Object Include="backpack.obj">
      <Filter>resources\models\survival_guitar_backpack</Filter>
    </Object>
  </ItemGroup>
  <ItemGroup>
    <Text Include="source_attribution.txt">
      <Filter>resources\models\survival_guitar_backpack</Filter>
    </Text>
  </ItemGroup>
</Project>